// !$*UTF8*$!
{
	archiveVersion = 1;
	classes = {
	};
	objectVersion = 46;
	objects = {

/* Begin PBXBuildFile section */
		1ECDB8ED1C93AAF300BE8B57 /* main.m in Sources */ = {isa = PBXBuildFile; fileRef = 1ECDB8EC1C93AAF300BE8B57 /* main.m */; };
		1ECDB8F01C93AAF300BE8B57 /* AppDelegate.m in Sources */ = {isa = PBXBuildFile; fileRef = 1ECDB8EF1C93AAF300BE8B57 /* AppDelegate.m */; };
		1ECDB8F31C93AAF300BE8B57 /* ViewController.m in Sources */ = {isa = PBXBuildFile; fileRef = 1ECDB8F21C93AAF300BE8B57 /* ViewController.m */; };
		1ECDB8F61C93AAF300BE8B57 /* Main.storyboard in Resources */ = {isa = PBXBuildFile; fileRef = 1ECDB8F41C93AAF300BE8B57 /* Main.storyboard */; };
		1ECDB8F81C93AAF300BE8B57 /* Assets.xcassets in Resources */ = {isa = PBXBuildFile; fileRef = 1ECDB8F71C93AAF300BE8B57 /* Assets.xcassets */; };
		1ECDB8FB1C93AAF300BE8B57 /* LaunchScreen.storyboard in Resources */ = {isa = PBXBuildFile; fileRef = 1ECDB8F91C93AAF300BE8B57 /* LaunchScreen.storyboard */; };
		1ECDB9041C93AB5900BE8B57 /* dog.m in Sources */ = {isa = PBXBuildFile; fileRef = 1ECDB9031C93AB5900BE8B57 /* dog.m */; };
/* End PBXBuildFile section */

/* Begin PBXFileReference section */
		1ECDB8E81C93AAF300BE8B57 /* xxshueiying.app */ = {isa = PBXFileReference; explicitFileType = wrapper.application; includeInIndex = 0; path = xxshueiying.app; sourceTree = BUILT_PRODUCTS_DIR; };
		1ECDB8EC1C93AAF300BE8B57 /* main.m */ = {isa = PBXFileReference; lastKnownFileType = sourcecode.c.objc; path = main.m; sourceTree = "<group>"; };
		1ECDB8EE1C93AAF300BE8B57 /* AppDelegate.h */ = {isa = PBXFileReference; lastKnownFileType = sourcecode.c.h; path = AppDelegate.h; sourceTree = "<group>"; };
		1ECDB8EF1C93AAF300BE8B57 /* AppDelegate.m */ = {isa = PBXFileReference; lastKnownFileType = sourcecode.c.objc; path = AppDelegate.m; sourceTree = "<group>"; };
		1ECDB8F11C93AAF300BE8B57 /* ViewController.h */ = {isa = PBXFileReference; lastKnownFileType = sourcecode.c.h; path = ViewController.h; sourceTree = "<group>"; };
		1ECDB8F21C93AAF300BE8B57 /* ViewController.m */ = {isa = PBXFileReference; lastKnownFileType = sourcecode.c.objc; path = ViewController.m; sourceTree = "<group>"; };
		1ECDB8F51C93AAF300BE8B57 /* Base */ = {isa = PBXFileReference; lastKnownFileType = file.storyboard; name = Base; path = Base.lproj/Main.storyboard; sourceTree = "<group>"; };
		1ECDB8F71C93AAF300BE8B57 /* Assets.xcassets */ = {isa = PBXFileReference; lastKnownFileType = folder.assetcatalog; path = Assets.xcassets; sourceTree = "<group>"; };
		1ECDB8FA1C93AAF300BE8B57 /* Base */ = {isa = PBXFileReference; lastKnownFileType = file.storyboard; name = Base; path = Base.lproj/LaunchScreen.storyboard; sourceTree = "<group>"; };
		1ECDB8FC1C93AAF300BE8B57 /* Info.plist */ = {isa = PBXFileReference; lastKnownFileType = text.plist.xml; path = Info.plist; sourceTree = "<group>"; };
		1ECDB9021C93AB5900BE8B57 /* dog.h */ = {isa = PBXFileReference; fileEncoding = 4; lastKnownFileType = sourcecode.c.h; path = dog.h; sourceTree = "<group>"; };
		1ECDB9031C93AB5900BE8B57 /* dog.m */ = {isa = PBXFileReference; fileEncoding = 4; lastKnownFileType = sourcecode.c.objc; path = dog.m; sourceTree = "<group>"; };
/* End PBXFileReference section */

/* Begin PBXFrameworksBuildPhase section */
		1ECDB8E51C93AAF300BE8B57 /* Frameworks */ = {
			isa = PBXFrameworksBuildPhase;
			buildActionMask = 2147483647;
			files = (
			);
			runOnlyForDeploymentPostprocessing = 0;
		};
/* End PBXFrameworksBuildPhase section */

/* Begin PBXGroup section */
		1ECDB8DF1C93AAF300BE8B57 = {
			isa = PBXGroup;
			children = (
				1ECDB8EA1C93AAF300BE8B57 /* xxshueiying */,
				1ECDB8E91C93AAF300BE8B57 /* Products */,
			);
			sourceTree = "<group>";
		};
		1ECDB8E91C93AAF300BE8B57 /* Products */ = {
			isa = PBXGroup;
			children = (
				1ECDB8E81C93AAF300BE8B57 /* xxshueiying.app */,
			);
			name = Products;
			sourceTree = "<group>";
		};
		1ECDB8EA1C93AAF300BE8B57 /* xxshueiying */ = {
			isa = PBXGroup;
			children = (
				1ECDB8EE1C93AAF300BE8B57 /* AppDelegate.h */,
				1ECDB8EF1C93AAF300BE8B57 /* AppDelegate.m */,
				1ECDB8F11C93AAF300BE8B57 /* ViewController.h */,
				1ECDB8F21C93AAF300BE8B57 /* ViewController.m */,
				1ECDB9021C93AB5900BE8B57 /* dog.h */,
				1ECDB9031C93AB5900BE8B57 /* dog.m */,
				1ECDB8F41C93AAF300BE8B57 /* Main.storyboard */,
				1ECDB8F71C93AAF300BE8B57 /* Assets.xcassets */,
				1ECDB8F91C93AAF300BE8B57 /* LaunchScreen.storyboard */,
				1ECDB8FC1C93AAF300BE8B57 /* Info.plist */,
				1ECDB8EB1C93AAF300BE8B57 /* Supporting Files */,
			);
			path = xxshueiying;
			sourceTree = "<group>";
		};
		1ECDB8EB1C93AAF300BE8B57 /* Supporting Files */ = {
			isa = PBXGroup;
			children = (
				1ECDB8EC1C93AAF300BE8B57 /* main.m */,
			);
			name = "Supporting Files";
			sourceTree = "<group>";
		};
/* End PBXGroup section */

/* Begin PBXNativeTarget section */
		1ECDB8E71C93AAF300BE8B57 /* xxshueiying */ = {
			isa = PBXNativeTarget;
			buildConfigurationList = 1ECDB8FF1C93AAF300BE8B57 /* Build configuration list for PBXNativeTarget "xxshueiying" */;
			buildPhases = (
				1ECDB8E41C93AAF300BE8B57 /* Sources */,
				1ECDB8E51C93AAF300BE8B57 /* Frameworks */,
				1ECDB8E61C93AAF300BE8B57 /* Resources */,
			);
			buildRules = (
			);
			dependencies = (
			);
			name = xxshueiying;
			productName = xxshueiying;
			productReference = 1ECDB8E81C93AAF300BE8B57 /* xxshueiying.app */;
			productType = "com.apple.product-type.application";
		};
/* End PBXNativeTarget section */

/* Begin PBXProject section */
		1ECDB8E01C93AAF300BE8B57 /* Project object */ = {
			isa = PBXProject;
			attributes = {
				LastUpgradeCheck = 0720;
				ORGANIZATIONNAME = "洪东恒";
				TargetAttributes = {
					1ECDB8E71C93AAF300BE8B57 = {
						CreatedOnToolsVersion = 7.2.1;
					};
				};
			};
			buildConfigurationList = 1ECDB8E31C93AAF300BE8B57 /* Build configuration list for PBXProject "xxshueiying" */;
			compatibilityVersion = "Xcode 3.2";
			developmentRegion = English;
			hasScannedForEncodings = 0;
			knownRegions = (
				en,
				Base,
			);
			mainGroup = 1ECDB8DF1C93AAF300BE8B57;
			productRefGroup = 1ECDB8E91C93AAF300BE8B57 /* Products */;
			projectDirPath = "";
			projectRoot = "";
			targets = (
				1ECDB8E71C93AAF300BE8B57 /* xxshueiying */,
			);
		};
/* End PBXProject section */

/* Begin PBXResourcesBuildPhase section */
		1ECDB8E61C93AAF300BE8B57 /* Resources */ = {
			isa = PBXResourcesBuildPhase;
			buildActionMask = 2147483647;
			files = (
				1ECDB8FB1C93AAF300BE8B57 /* LaunchScreen.storyboard in Resources */,
				1ECDB8F81C93AAF300BE8B57 /* Assets.xcassets in Resources */,
				1ECDB8F61C93AAF300BE8B57 /* Main.storyboard in Resources */,
			);
			runOnlyForDeploymentPostprocessing = 0;
		};
/* End PBXResourcesBuildPhase section */

/* Begin PBXSourcesBuildPhase section */
		1ECDB8E41C93AAF300BE8B57 /* Sources */ = {
			isa = PBXSourcesBuildPhase;
			buildActionMask = 2147483647;
			files = (
				1ECDB8F31C93AAF300BE8B57 /* ViewController.m in Sources */,
				1ECDB8F01C93AAF300BE8B57 /* AppDelegate.m in Sources */,
				1ECDB9041C93AB5900BE8B57 /* dog.m in Sources */,
				1ECDB8ED1C93AAF300BE8B57 /* main.m in Sources */,
			);
			runOnlyForDeploymentPostprocessing = 0;
		};
/* End PBXSourcesBuildPhase section */

/* Begin PBXVariantGroup section */
		1ECDB8F41C93AAF300BE8B57 /* Main.storyboard */ = {
			isa = PBXVariantGroup;
			children = (
				1ECDB8F51C93AAF300BE8B57 /* Base */,
			);
			name = Main.storyboard;
			sourceTree = "<group>";
		};
		1ECDB8F91C93AAF300BE8B57 /* LaunchScreen.storyboard */ = {
			isa = PBXVariantGroup;
			children = (
				1ECDB8FA1C93AAF300BE8B57 /* Base */,
			);
			name = LaunchScreen.storyboard;
			sourceTree = "<group>";
		};
/* End PBXVariantGroup section */

/* Begin XCBuildConfiguration section */
		1ECDB8FD1C93AAF300BE8B57 /* Debug */ = {
			isa = XCBuildConfiguration;
			buildSettings = {
				ALWAYS_SEARCH_USER_PATHS = NO;
				CLANG_CXX_LANGUAGE_STANDARD = "gnu++0x";
				CLANG_CXX_LIBRARY = "libc++";
				CLANG_ENABLE_MODULES = YES;
				CLANG_ENABLE_OBJC_ARC = YES;
				CLANG_WARN_BOOL_CONVERSION = YES;
				CLANG_WARN_CONSTANT_CONVERSION = YES;
				CLANG_WARN_DIRECT_OBJC_ISA_USAGE = YES_ERROR;
				CLANG_WARN_EMPTY_BODY = YES;
				CLANG_WARN_ENUM_CONVERSION = YES;
				CLANG_WARN_INT_CONVERSION = YES;
				CLANG_WARN_OBJC_ROOT_CLASS = YES_ERROR;
				CLANG_WARN_UNREACHABLE_CODE = YES;
				CLANG_WARN__DUPLICATE_METHOD_MATCH = YES;
				"CODE_SIGN_IDENTITY[sdk=iphoneos*]" = "iPhone Developer";
				COPY_PHASE_STRIP = NO;
				DEBUG_INFORMATION_FORMAT = dwarf;
				ENABLE_STRICT_OBJC_MSGSEND = YES;
				ENABLE_TESTABILITY = YES;
				GCC_C_LANGUAGE_STANDARD = gnu99;
				GCC_DYNAMIC_NO_PIC = NO;
				GCC_NO_COMMON_BLOCKS = YES;
				GCC_OPTIMIZATION_LEVEL = 0;
				GCC_PREPROCESSOR_DEFINITIONS = (
					"DEBUG=1",
					"$(inherited)",
				);
				GCC_WARN_64_TO_32_BIT_CONVERSION = YES;
				GCC_WARN_ABOUT_RETURN_TYPE = YES_ERROR;
				GCC_WARN_UNDECLARED_SELECTOR = YES;
				GCC_WARN_UNINITIALIZED_AUTOS = YES_AGGRESSIVE;
				GCC_WARN_UNUSED_FUNCTION = YES;
				GCC_WARN_UNUSED_VARIABLE = YES;
				IPHONEOS_DEPLOYMENT_TARGET = 9.2;
				MTL_ENABLE_DEBUG_INFO = YES;
				ONLY_ACTIVE_ARCH = YES;
				SDKROOT = iphoneos;
				TARGETED_DEVICE_FAMILY = "1,2";
			};
			name = Debug;
		};
		1ECDB8FE1C93AAF300BE8B57 /* Release */ = {
			isa = XCBuildConfiguration;
			buildSettings = {
				ALWAYS_SEARCH_USER_PATHS = NO;
				CLANG_CXX_LANGUAGE_STANDARD = "gnu++0x";
				CLANG_CXX_LIBRARY = "libc++";
				CLANG_ENABLE_MODULES = YES;
				CLANG_ENABLE_OBJC_ARC = YES;
				CLANG_WARN_BOOL_CONVERSION = YES;
				CLANG_WARN_CONSTANT_CONVERSION = YES;
				CLANG_WARN_DIRECT_OBJC_ISA_USAGE = YES_ERROR;
				CLANG_WARN_EMPTY_BODY = YES;
				CLANG_WARN_ENUM_CONVERSION = YES;
				CLANG_WARN_INT_CONVERSION = YES;
				CLANG_WARN_OBJC_ROOT_CLASS = YES_ERROR;
				CLANG_WARN_UNREACHABLE_CODE = YES;
				CLANG_WARN__DUPLICATE_METHOD_MATCH = YES;
				"CODE_SIGN_IDENTITY[sdk=iphoneos*]" = "iPhone Developer";
				COPY_PHASE_STRIP = NO;
				DEBUG_INFORMATION_FORMAT = "dwarf-with-dsym";
				ENABLE_NS_ASSERTIONS = NO;
				ENABLE_STRICT_OBJC_MSGSEND = YES;
				GCC_C_LANGUAGE_STANDARD = gnu99;
				GCC_NO_COMMON_BLOCKS = YES;
				GCC_WARN_64_TO_32_BIT_CONVERSION = YES;
				GCC_WARN_ABOUT_RETURN_TYPE = YES_ERROR;
				GCC_WARN_UNDECLARED_SELECTOR = YES;
				GCC_WARN_UNINITIALIZED_AUTOS = YES_AGGRESSIVE;
				GCC_WARN_UNUSED_FUNCTION = YES;
				GCC_WARN_UNUSED_VARIABLE = YES;
				IPHONEOS_DEPLOYMENT_TARGET = 9.2;
				MTL_ENABLE_DEBUG_INFO = NO;
				SDKROOT = iphoneos;
				TARGETED_DEVICE_FAMILY = "1,2";
				VALIDATE_PRODUCT = YES;
			};
			name = Release;
		};
		1ECDB9001C93AAF300BE8B57 /* Debug */ = {
			isa = XCBuildConfiguration;
			buildSettings = {
				ASSETCATALOG_COMPILER_APPICON_NAME = AppIcon;
				INFOPLIST_FILE = xxshueiying/Info.plist;
				LD_RUNPATH_SEARCH_PATHS = "$(inherited) @executable_path/Frameworks";
				PRODUCT_BUNDLE_IDENTIFIER = com.hongdongheng.xxshueiying;
				PRODUCT_NAME = "$(TARGET_NAME)";
			};
			name = Debug;
		};
		1ECDB9011C93AAF300BE8B57 /* Release */ = {
			isa = XCBuildConfiguration;
			buildSettings = {
				ASSETCATALOG_COMPILER_APPICON_NAME = AppIcon;
				INFOPLIST_FILE = xxshueiying/Info.plist;
				LD_RUNPATH_SEARCH_PATHS = "$(inherited) @executable_path/Frameworks";
				PRODUCT_BUNDLE_IDENTIFIER = com.hongdongheng.xxshueiying;
				PRODUCT_NAME = "$(TARGET_NAME)";
			};
			name = Release;
		};
/* End XCBuildConfiguration section */

/* Begin XCConfigurationList section */
		1ECDB8E31C93AAF300BE8B57 /* Build configuration list for PBXProject "xxshueiying" */ = {
			isa = XCConfigurationList;
			buildConfigurations = (
				1ECDB8FD1C93AAF300BE8B57 /* Debug */,
				1ECDB8FE1C93AAF300BE8B57 /* Release */,
			);
			defaultConfigurationIsVisible = 0;
			defaultConfigurationName = Release;
		};
		1ECDB8FF1C93AAF300BE8B57 /* Build configuration list for PBXNativeTarget "xxshueiying" */ = {
			isa = XCConfigurationList;
			buildConfigurations = (
				1ECDB9001C93AAF300BE8B57 /* Debug */,
				1ECDB9011C93AAF300BE8B57 /* Release */,
			);
			defaultConfigurationIsVisible = 0;
		};
/* End XCConfigurationList section */
	};
	rootObject = 1ECDB8E01C93AAF300BE8B57 /* Project object */;
}
